<?xml version="1.0" encoding="utf-8"?>
<Project ToolsVersion="4.0" xmlns="http://schemas.microsoft.com/developer/msbuild/2003">
  <ItemGroup>
    <Filter Include="Source Files">
      <UniqueIdentifier>{4FC737F1-C7A5-4376-A066-2A32D752A2FF}</UniqueIdentifier>
      <Extensions>cpp;c;cc;cxx;def;odl;idl;hpj;bat;asm;asmx</Extensions>
    </Filter>
    <Filter Include="Header Files">
      <UniqueIdentifier>{93995380-89BD-4b04-88EB-625FBE52EBFB}</UniqueIdentifier>
      <Extensions>h;hpp;hxx;hm;inl;inc;xsd</Extensions>
    </Filter>
    <Filter Include="Resource Files">
      <UniqueIdentifier>{67DA6AB6-F800-4c08-8B7A-83BB121AAD01}</UniqueIdentifier>
      <Extensions>rc;ico;cur;bmp;dlg;rc2;rct;bin;rgs;gif;jpg;jpeg;jpe;resx;tiff;tif;png;wav;mfcribbon-ms</Extensions>
    </Filter>
    <Filter Include="Header Files\ProtocolHandlers">
      <UniqueIdentifier>{a039f945-8258-4c6e-b01c-30bbe753d6c6}</UniqueIdentifier>
    </Filter>
  </ItemGroup>
  <ItemGroup>
    <ClInclude Include="targetver.h">
      <Filter>Header Files</Filter>
    </ClInclude>
    <ClInclude Include="common.h">
      <Filter>Header Files</Filter>
    </ClInclude>
    <ClInclude Include="ConnectionListener.h">
      <Filter>Header Files</Filter>
    </ClInclude>
    <ClInclude Include="WindowMessageHandler.h">
      <Filter>Header Files</Filter>
    </ClInclude>
    <ClInclude Include="MPDMessageHandler.h">
      <Filter>Header Files</Filter>
    </ClInclude>
    <ClInclude Include="MessageSender.h">
      <Filter>Header Files</Filter>
    </ClInclude>
    <ClInclude Include="CommandException.h">
      <Filter>Header Files</Filter>
    </ClInclude>
    <ClInclude Include="ConfigVars.h">
      <Filter>Header Files</Filter>
    </ClInclude>
    <ClInclude Include="ConfigDialog.h">
      <Filter>Header Files</Filter>
    </ClInclude>
    <ClInclude Include="resource.h">
      <Filter>Header Files</Filter>
    </ClInclude>
    <ClInclude Include="NetworkInformation.h">
      <Filter>Header Files</Filter>
    </ClInclude>
    <ClInclude Include="LibraryConsistencyCheck.h">
      <Filter>Header Files</Filter>
    </ClInclude>
    <ClInclude Include="SleepyThread.h">
      <Filter>Header Files</Filter>
    </ClInclude>
    <ClInclude Include="RequestFromMT.h">
      <Filter>Header Files</Filter>
    </ClInclude>
    <ClInclude Include="PlaybackCommands.h">
      <Filter>Header Files</Filter>
    </ClInclude>
    <ClInclude Include="DataRequestHandler.h">
      <Filter>Header Files\ProtocolHandlers</Filter>
    </ClInclude>
    <ClInclude Include="DataBaseHandler.h">
      <Filter>Header Files\ProtocolHandlers</Filter>
    </ClInclude>
    <ClInclude Include="GeneralCommandHandler.h">
      <Filter>Header Files\ProtocolHandlers</Filter>
    </ClInclude>
    <ClInclude Include="PlaybackCommandHandler.h">
      <Filter>Header Files\ProtocolHandlers</Filter>
    </ClInclude>
    <ClInclude Include="PlaylistCommandHandler.h">
      <Filter>Header Files\ProtocolHandlers</Filter>
    </ClInclude>
    <ClInclude Include="Logger.h">
      <Filter>Header Files</Filter>
    </ClInclude>
    <ClInclude Include="ThreadedEraseMap.h">
      <Filter>Header Files</Filter>
    </ClInclude>
    <ClInclude Include="PFCExtensions.h">
      <Filter>Header Files</Filter>
    </ClInclude>
  </ItemGroup>
  <ItemGroup>
    <ClCompile Include="dllmain.cpp">
      <Filter>Source Files</Filter>
    </ClCompile>
    <ClCompile Include="ConnectionListener.cpp">
      <Filter>Source Files</Filter>
    </ClCompile>
    <ClCompile Include="WindowMessageHandler.cpp">
      <Filter>Source Files</Filter>
    </ClCompile>
    <ClCompile Include="MPDMessageHandler.cpp">
      <Filter>Source Files</Filter>
    </ClCompile>
    <ClCompile Include="PlaybackCommandHandler.cpp">
      <Filter>Source Files</Filter>
    </ClCompile>
    <ClCompile Include="MessageSender.cpp">
      <Filter>Source Files</Filter>
    </ClCompile>
    <ClCompile Include="PlaylistCommandHandler.cpp">
      <Filter>Source Files</Filter>
    </ClCompile>
    <ClCompile Include="DataRequestHandler.cpp">
      <Filter>Source Files</Filter>
    </ClCompile>
    <ClCompile Include="ConfigVars.cpp">
      <Filter>Source Files</Filter>
    </ClCompile>
    <ClCompile Include="ConfigDialog.cpp">
      <Filter>Source Files</Filter>
    </ClCompile>
    <ClCompile Include="NetworkInformation.cpp">
      <Filter>Source Files</Filter>
    </ClCompile>
    <ClCompile Include="LibraryConsistencyCheck.cpp">
      <Filter>Source Files</Filter>
    </ClCompile>
    <ClCompile Include="SleepyThread.cpp">
      <Filter>Source Files</Filter>
    </ClCompile>
    <ClCompile Include="PlaybackCommands.cpp">
      <Filter>Source Files</Filter>
    </ClCompile>
    <ClCompile Include="GeneralCommandHandler.cpp">
      <Filter>Source Files</Filter>
    </ClCompile>
  </ItemGroup>
  <ItemGroup>
    <ResourceCompile Include="foo_mpdsrv.rc">
      <Filter>Resource Files</Filter>
    </ResourceCompile>
  </ItemGroup>
</Project>